// !$*UTF8*$!
{
	archiveVersion = 1;
	classes = {
	};
	objectVersion = 46;
	objects = {

/* Begin PBXBuildFile section */
		E2C864A51A59C81F00B3120C /* main.m in Sources */ = {isa = PBXBuildFile; fileRef = E2C864A41A59C81F00B3120C /* main.m */; };
		E2C864AD1A59C93B00B3120C /* ZGCAppliance.m in Sources */ = {isa = PBXBuildFile; fileRef = E2C864AC1A59C93B00B3120C /* ZGCAppliance.m */; };
		E2C864B01A59D75800B3120C /* ZGCOwnedAppliance.m in Sources */ = {isa = PBXBuildFile; fileRef = E2C864AF1A59D75800B3120C /* ZGCOwnedAppliance.m */; };
/* End PBXBuildFile section */

/* Begin PBXCopyFilesBuildPhase section */
		E2C8649F1A59C81F00B3120C /* CopyFiles */ = {
			isa = PBXCopyFilesBuildPhase;
			buildActionMask = 2147483647;
			dstPath = /usr/share/man/man1/;
			dstSubfolderSpec = 0;
			files = (
			);
			runOnlyForDeploymentPostprocessing = 1;
		};
/* End PBXCopyFilesBuildPhase section */

/* Begin PBXFileReference section */
		E2C864A11A59C81F00B3120C /* ObjC_INIT_Methods-Appliances_Tool */ = {isa = PBXFileReference; explicitFileType = "compiled.mach-o.executable"; includeInIndex = 0; path = "ObjC_INIT_Methods-Appliances_Tool"; sourceTree = BUILT_PRODUCTS_DIR; };
		E2C864A41A59C81F00B3120C /* main.m */ = {isa = PBXFileReference; lastKnownFileType = sourcecode.c.objc; path = main.m; sourceTree = "<group>"; };
		E2C864AB1A59C93B00B3120C /* ZGCAppliance.h */ = {isa = PBXFileReference; fileEncoding = 4; lastKnownFileType = sourcecode.c.h; path = ZGCAppliance.h; sourceTree = "<group>"; };
		E2C864AC1A59C93B00B3120C /* ZGCAppliance.m */ = {isa = PBXFileReference; fileEncoding = 4; lastKnownFileType = sourcecode.c.objc; path = ZGCAppliance.m; sourceTree = "<group>"; };
		E2C864AE1A59D75800B3120C /* ZGCOwnedAppliance.h */ = {isa = PBXFileReference; fileEncoding = 4; lastKnownFileType = sourcecode.c.h; path = ZGCOwnedAppliance.h; sourceTree = "<group>"; };
		E2C864AF1A59D75800B3120C /* ZGCOwnedAppliance.m */ = {isa = PBXFileReference; fileEncoding = 4; lastKnownFileType = sourcecode.c.objc; path = ZGCOwnedAppliance.m; sourceTree = "<group>"; };
/* End PBXFileReference section */

/* Begin PBXFrameworksBuildPhase section */
		E2C8649E1A59C81F00B3120C /* Frameworks */ = {
			isa = PBXFrameworksBuildPhase;
			buildActionMask = 2147483647;
			files = (
			);
			runOnlyForDeploymentPostprocessing = 0;
		};
/* End PBXFrameworksBuildPhase section */

/* Begin PBXGroup section */
		E2C864981A59C81F00B3120C = {
			isa = PBXGroup;
			children = (
				E2C864A31A59C81F00B3120C /* ObjC_INIT_Methods-Appliances_Tool */,
				E2C864A21A59C81F00B3120C /* Products */,
			);
			sourceTree = "<group>";
		};
		E2C864A21A59C81F00B3120C /* Products */ = {
			isa = PBXGroup;
			children = (
				E2C864A11A59C81F00B3120C /* ObjC_INIT_Methods-Appliances_Tool */,
			);
			name = Products;
			sourceTree = "<group>";
		};
		E2C864A31A59C81F00B3120C /* ObjC_INIT_Methods-Appliances_Tool */ = {
			isa = PBXGroup;
			children = (
				E2C864A41A59C81F00B3120C /* main.m */,
				E2C864AB1A59C93B00B3120C /* ZGCAppliance.h */,
				E2C864AC1A59C93B00B3120C /* ZGCAppliance.m */,
				E2C864AE1A59D75800B3120C /* ZGCOwnedAppliance.h */,
				E2C864AF1A59D75800B3120C /* ZGCOwnedAppliance.m */,
			);
			path = "ObjC_INIT_Methods-Appliances_Tool";
			sourceTree = "<group>";
		};
/* End PBXGroup section */

/* Begin PBXNativeTarget section */
		E2C864A01A59C81F00B3120C /* ObjC_INIT_Methods-Appliances_Tool */ = {
			isa = PBXNativeTarget;
			buildConfigurationList = E2C864A81A59C81F00B3120C /* Build configuration list for PBXNativeTarget "ObjC_INIT_Methods-Appliances_Tool" */;
			buildPhases = (
				E2C8649D1A59C81F00B3120C /* Sources */,
				E2C8649E1A59C81F00B3120C /* Frameworks */,
				E2C8649F1A59C81F00B3120C /* CopyFiles */,
			);
			buildRules = (
			);
			dependencies = (
			);
			name = "ObjC_INIT_Methods-Appliances_Tool";
			productName = "ObjC_INIT_Methods-Appliances_Tool";
			productReference = E2C864A11A59C81F00B3120C /* ObjC_INIT_Methods-Appliances_Tool */;
			productType = "com.apple.product-type.tool";
		};
/* End PBXNativeTarget section */

/* Begin PBXProject section */
		E2C864991A59C81F00B3120C /* Project object */ = {
			isa = PBXProject;
			attributes = {
				LastUpgradeCheck = 0610;
				ORGANIZATIONNAME = Zerogravity;
				TargetAttributes = {
					E2C864A01A59C81F00B3120C = {
						CreatedOnToolsVersion = 6.1;
					};
				};
			};
			buildConfigurationList = E2C8649C1A59C81F00B3120C /* Build configuration list for PBXProject "ObjC_INIT_Methods-Appliances_Tool" */;
			compatibilityVersion = "Xcode 3.2";
			developmentRegion = English;
			hasScannedForEncodings = 0;
			knownRegions = (
				en,
			);
			mainGroup = E2C864981A59C81F00B3120C;
			productRefGroup = E2C864A21A59C81F00B3120C /* Products */;
			projectDirPath = "";
			projectRoot = "";
			targets = (
				E2C864A01A59C81F00B3120C /* ObjC_INIT_Methods-Appliances_Tool */,
			);
		};
/* End PBXProject section */

/* Begin PBXSourcesBuildPhase section */
		E2C8649D1A59C81F00B3120C /* Sources */ = {
			isa = PBXSourcesBuildPhase;
			buildActionMask = 2147483647;
			files = (
				E2C864AD1A59C93B00B3120C /* ZGCAppliance.m in Sources */,
				E2C864B01A59D75800B3120C /* ZGCOwnedAppliance.m in Sources */,
				E2C864A51A59C81F00B3120C /* main.m in Sources */,
			);
			runOnlyForDeploymentPostprocessing = 0;
		};
/* End PBXSourcesBuildPhase section */

/* Begin XCBuildConfiguration section */
		E2C864A61A59C81F00B3120C /* Debug */ = {
			isa = XCBuildConfiguration;
			buildSettings = {
				ALWAYS_SEARCH_USER_PATHS = NO;
				CLANG_CXX_LANGUAGE_STANDARD = "gnu++0x";
				CLANG_CXX_LIBRARY = "libc++";
				CLANG_ENABLE_MODULES = YES;
				CLANG_ENABLE_OBJC_ARC = YES;
				CLANG_WARN_BOOL_CONVERSION = YES;
				CLANG_WARN_CONSTANT_CONVERSION = YES;
				CLANG_WARN_DIRECT_OBJC_ISA_USAGE = YES_ERROR;
				CLANG_WARN_EMPTY_BODY = YES;
				CLANG_WARN_ENUM_CONVERSION = YES;
				CLANG_WARN_INT_CONVERSION = YES;
				CLANG_WARN_OBJC_ROOT_CLASS = YES_ERROR;
				CLANG_WARN_UNREACHABLE_CODE = YES;
				CLANG_WARN__DUPLICATE_METHOD_MATCH = YES;
				COPY_PHASE_STRIP = NO;
				ENABLE_STRICT_OBJC_MSGSEND = YES;
				GCC_C_LANGUAGE_STANDARD = gnu99;
				GCC_DYNAMIC_NO_PIC = NO;
				GCC_OPTIMIZATION_LEVEL = 0;
				GCC_PREPROCESSOR_DEFINITIONS = (
					"DEBUG=1",
					"$(inherited)",
				);
				GCC_SYMBOLS_PRIVATE_EXTERN = NO;
				GCC_WARN_64_TO_32_BIT_CONVERSION = YES;
				GCC_WARN_ABOUT_RETURN_TYPE = YES_ERROR;
				GCC_WARN_UNDECLARED_SELECTOR = YES;
				GCC_WARN_UNINITIALIZED_AUTOS = YES_AGGRESSIVE;
				GCC_WARN_UNUSED_FUNCTION = YES;
				GCC_WARN_UNUSED_VARIABLE = YES;
				MACOSX_DEPLOYMENT_TARGET = 10.10;
				MTL_ENABLE_DEBUG_INFO = YES;
				ONLY_ACTIVE_ARCH = YES;
				SDKROOT = macosx;
			};
			name = Debug;
		};
		E2C864A71A59C81F00B3120C /* Release */ = {
			isa = XCBuildConfiguration;
			buildSettings = {
				ALWAYS_SEARCH_USER_PATHS = NO;
				CLANG_CXX_LANGUAGE_STANDARD = "gnu++0x";
				CLANG_CXX_LIBRARY = "libc++";
				CLANG_ENABLE_MODULES = YES;
				CLANG_ENABLE_OBJC_ARC = YES;
				CLANG_WARN_BOOL_CONVERSION = YES;
				CLANG_WARN_CONSTANT_CONVERSION = YES;
				CLANG_WARN_DIRECT_OBJC_ISA_USAGE = YES_ERROR;
				CLANG_WARN_EMPTY_BODY = YES;
				CLANG_WARN_ENUM_CONVERSION = YES;
				CLANG_WARN_INT_CONVERSION = YES;
				CLANG_WARN_OBJC_ROOT_CLASS = YES_ERROR;
				CLANG_WARN_UNREACHABLE_CODE = YES;
				CLANG_WARN__DUPLICATE_METHOD_MATCH = YES;
				COPY_PHASE_STRIP = YES;
				DEBUG_INFORMATION_FORMAT = "dwarf-with-dsym";
				ENABLE_NS_ASSERTIONS = NO;
				ENABLE_STRICT_OBJC_MSGSEND = YES;
				GCC_C_LANGUAGE_STANDARD = gnu99;
				GCC_WARN_64_TO_32_BIT_CONVERSION = YES;
				GCC_WARN_ABOUT_RETURN_TYPE = YES_ERROR;
				GCC_WARN_UNDECLARED_SELECTOR = YES;
				GCC_WARN_UNINITIALIZED_AUTOS = YES_AGGRESSIVE;
				GCC_WARN_UNUSED_FUNCTION = YES;
				GCC_WARN_UNUSED_VARIABLE = YES;
				MACOSX_DEPLOYMENT_TARGET = 10.10;
				MTL_ENABLE_DEBUG_INFO = NO;
				SDKROOT = macosx;
			};
			name = Release;
		};
		E2C864A91A59C81F00B3120C /* Debug */ = {
			isa = XCBuildConfiguration;
			buildSettings = {
				PRODUCT_NAME = "$(TARGET_NAME)";
			};
			name = Debug;
		};
		E2C864AA1A59C81F00B3120C /* Release */ = {
			isa = XCBuildConfiguration;
			buildSettings = {
				PRODUCT_NAME = "$(TARGET_NAME)";
			};
			name = Release;
		};
/* End XCBuildConfiguration section */

/* Begin XCConfigurationList section */
		E2C8649C1A59C81F00B3120C /* Build configuration list for PBXProject "ObjC_INIT_Methods-Appliances_Tool" */ = {
			isa = XCConfigurationList;
			buildConfigurations = (
				E2C864A61A59C81F00B3120C /* Debug */,
				E2C864A71A59C81F00B3120C /* Release */,
			);
			defaultConfigurationIsVisible = 0;
			defaultConfigurationName = Release;
		};
		E2C864A81A59C81F00B3120C /* Build configuration list for PBXNativeTarget "ObjC_INIT_Methods-Appliances_Tool" */ = {
			isa = XCConfigurationList;
			buildConfigurations = (
				E2C864A91A59C81F00B3120C /* Debug */,
				E2C864AA1A59C81F00B3120C /* Release */,
			);
			defaultConfigurationIsVisible = 0;
		};
/* End XCConfigurationList section */
	};
	rootObject = E2C864991A59C81F00B3120C /* Project object */;
}
